
Microsoft Visual Studio Solution File, Format Version 12.00
# Visual Studio 15
VisualStudioVersion = 15.0.27703.2035
MinimumVisualStudioVersion = 10.0.40219.1
Project("{9A19103F-16F7-4668-BE54-9A1E7A4F7556}") = "Microsoft.ManagementExperience.Samples", "Microsoft.ManagementExperience.Samples.csproj", "{05355C6F-0C55-46F1-8C3E-08AD69C29265}"
EndProject
Project("{2150E333-8FDC-42A3-9474-1A3956D46DE8}") = "inc", "inc", "{A29F518B-67FF-45D2-A496-9A79F3FDA293}"
	ProjectSection(SolutionItems) = preProject
		inc\Microsoft.ManagementExperience.FeatureInterface.dll = inc\Microsoft.ManagementExperience.FeatureInterface.dll
		inc\README.txt = inc\README.txt
	EndProjectSection
EndProject
Global
	GlobalSection(SolutionConfigurationPlatforms) = preSolution
		Debug|Any CPU = Debug|Any CPU
		Release|Any CPU = Release|Any CPU
	EndGlobalSection
	GlobalSection(ProjectConfigurationPlatforms) = postSolution
		{05355C6F-0C55-46F1-8C3E-08AD69C29265}.Debug|Any CPU.ActiveCfg = Debug|Any CPU
		{05355C6F-0C55-46F1-8C3E-08AD69C29265}.Debug|Any CPU.Build.0 = Debug|Any CPU
		{05355C6F-0C55-46F1-8C3E-08AD69C29265}.Release|Any CPU.ActiveCfg = Release|Any CPU
		{05355C6F-0C55-46F1-8C3E-08AD69C29265}.Release|Any CPU.Build.0 = Release|Any CPU
	EndGlobalSection
	GlobalSection(SolutionProperties) = preSolution
		HideSolutionNode = FALSE
	EndGlobalSection
	GlobalSection(ExtensibilityGlobals) = postSolution
		SolutionGuid = {B0CCCD26-F421-4BA0-A18D-F37BF84485BF}
	EndGlobalSection
EndGlobal
