
Microsoft Visual Studio Solution File, Format Version 12.00
# Visual Studio 15
VisualStudioVersion = 15.0.27703.2035
MinimumVisualStudioVersion = 10.0.40219.1
Project("{FAE04EC0-301F-11D3-BF4B-00C04F79EFBC}") = "GatewayPlugInIdentityExample", "GatewayPlugInIdentityExample\GatewayPlugInIdentityExample.csproj", "{F30C39BE-4389-4321-B472-BA62E86853FD}"
EndProject
Global
	GlobalSection(SolutionConfigurationPlatforms) = preSolution
		Debug|Any CPU = Debug|Any CPU
		Release|Any CPU = Release|Any CPU
	EndGlobalSection
	GlobalSection(ProjectConfigurationPlatforms) = postSolution
		{F30C39BE-4389-4321-B472-BA62E86853FD}.Debug|Any CPU.ActiveCfg = Debug|Any CPU
		{F30C39BE-4389-4321-B472-BA62E86853FD}.Debug|Any CPU.Build.0 = Debug|Any CPU
		{F30C39BE-4389-4321-B472-BA62E86853FD}.Release|Any CPU.ActiveCfg = Release|Any CPU
		{F30C39BE-4389-4321-B472-BA62E86853FD}.Release|Any CPU.Build.0 = Release|Any CPU
	EndGlobalSection
	GlobalSection(SolutionProperties) = preSolution
		HideSolutionNode = FALSE
	EndGlobalSection
	GlobalSection(ExtensibilityGlobals) = postSolution
		SolutionGuid = {7ED87E53-D2C7-4FBC-95E4-674AC70C566E}
	EndGlobalSection
EndGlobal
